
Microsoft Visual Studio Solution File, Format Version 12.00
# Visual Studio Version 17
VisualStudioVersion = 17.0.31903.59
MinimumVisualStudioVersion = 10.0.40219.1
Project("{FAE04EC0-301F-11D3-BF4B-00C04F79EFBC}") = "API", "API\API.csproj", "{E78869C1-AFCB-4EA5-AAB4-320970A60AED}"
EndProject
Project("{FAE04EC0-301F-11D3-BF4B-00C04F79EFBC}") = "Application", "Application\Application.csproj", "{9EC2FF26-4AF7-48D6-82C3-B804EB125B7E}"
EndProject
Project("{FAE04EC0-301F-11D3-BF4B-00C04F79EFBC}") = "Domain", "Domain\Domain.csproj", "{31DB8B22-187A-438C-A9D4-6B9DAEE5EF9E}"
EndProject
Project("{FAE04EC0-301F-11D3-BF4B-00C04F79EFBC}") = "Persistence", "Persistence\Persistence.csproj", "{17EDDC6A-85F4-4EFB-8B98-946A4A322953}"
EndProject
Global
	GlobalSection(SolutionConfigurationPlatforms) = preSolution
		Debug|Any CPU = Debug|Any CPU
		Release|Any CPU = Release|Any CPU
	EndGlobalSection
	GlobalSection(SolutionProperties) = preSolution
		HideSolutionNode = FALSE
	EndGlobalSection
	GlobalSection(ProjectConfigurationPlatforms) = postSolution
		{E78869C1-AFCB-4EA5-AAB4-320970A60AED}.Debug|Any CPU.ActiveCfg = Debug|Any CPU
		{E78869C1-AFCB-4EA5-AAB4-320970A60AED}.Debug|Any CPU.Build.0 = Debug|Any CPU
		{E78869C1-AFCB-4EA5-AAB4-320970A60AED}.Release|Any CPU.ActiveCfg = Release|Any CPU
		{E78869C1-AFCB-4EA5-AAB4-320970A60AED}.Release|Any CPU.Build.0 = Release|Any CPU
		{9EC2FF26-4AF7-48D6-82C3-B804EB125B7E}.Debug|Any CPU.ActiveCfg = Debug|Any CPU
		{9EC2FF26-4AF7-48D6-82C3-B804EB125B7E}.Debug|Any CPU.Build.0 = Debug|Any CPU
		{9EC2FF26-4AF7-48D6-82C3-B804EB125B7E}.Release|Any CPU.ActiveCfg = Release|Any CPU
		{9EC2FF26-4AF7-48D6-82C3-B804EB125B7E}.Release|Any CPU.Build.0 = Release|Any CPU
		{31DB8B22-187A-438C-A9D4-6B9DAEE5EF9E}.Debug|Any CPU.ActiveCfg = Debug|Any CPU
		{31DB8B22-187A-438C-A9D4-6B9DAEE5EF9E}.Debug|Any CPU.Build.0 = Debug|Any CPU
		{31DB8B22-187A-438C-A9D4-6B9DAEE5EF9E}.Release|Any CPU.ActiveCfg = Release|Any CPU
		{31DB8B22-187A-438C-A9D4-6B9DAEE5EF9E}.Release|Any CPU.Build.0 = Release|Any CPU
		{17EDDC6A-85F4-4EFB-8B98-946A4A322953}.Debug|Any CPU.ActiveCfg = Debug|Any CPU
		{17EDDC6A-85F4-4EFB-8B98-946A4A322953}.Debug|Any CPU.Build.0 = Debug|Any CPU
		{17EDDC6A-85F4-4EFB-8B98-946A4A322953}.Release|Any CPU.ActiveCfg = Release|Any CPU
		{17EDDC6A-85F4-4EFB-8B98-946A4A322953}.Release|Any CPU.Build.0 = Release|Any CPU
	EndGlobalSection
EndGlobal
